
Microsoft Visual Studio Solution File, Format Version 12.00
# Visual Studio Version 17
VisualStudioVersion = 17.7.34024.191
MinimumVisualStudioVersion = 10.0.40219.1
Project("{FAE04EC0-301F-11D3-BF4B-00C04F79EFBC}") = "GestionDesLivres", "GestionDesLivres.csproj", "{34690A39-C44F-4A59-A667-09468287E4DA}"
EndProject
Global
	GlobalSection(SolutionConfigurationPlatforms) = preSolution
		Debug|Any CPU = Debug|Any CPU
		Release|Any CPU = Release|Any CPU
	EndGlobalSection
	GlobalSection(ProjectConfigurationPlatforms) = postSolution
		{34690A39-C44F-4A59-A667-09468287E4DA}.Debug|Any CPU.ActiveCfg = Debug|Any CPU
		{34690A39-C44F-4A59-A667-09468287E4DA}.Debug|Any CPU.Build.0 = Debug|Any CPU
		{34690A39-C44F-4A59-A667-09468287E4DA}.Release|Any CPU.ActiveCfg = Release|Any CPU
		{34690A39-C44F-4A59-A667-09468287E4DA}.Release|Any CPU.Build.0 = Release|Any CPU
	EndGlobalSection
	GlobalSection(SolutionProperties) = preSolution
		HideSolutionNode = FALSE
	EndGlobalSection
	GlobalSection(ExtensibilityGlobals) = postSolution
		SolutionGuid = {7CAEAFB7-3D46-4C8C-AF17-0408D21DC5D8}
	EndGlobalSection
EndGlobal
